
Microsoft Visual Studio Solution File, Format Version 12.00
Project("{FAE04EC0-301F-11D3-BF4B-00C04F79EFBC}") = "Snack-16092022.Snack1", "Snack-16092022.Snack1\Snack-16092022.Snack1.csproj", "{52E22B1F-E8CF-430F-BD09-982D079E1827}"
EndProject
Project("{FAE04EC0-301F-11D3-BF4B-00C04F79EFBC}") = "Snack-16092022.Snack2", "Snack-16092022.Snack2\Snack-16092022.Snack2.csproj", "{AC057FF2-2A46-4CDC-93CA-7273CF880CD7}"
EndProject
Project("{FAE04EC0-301F-11D3-BF4B-00C04F79EFBC}") = "Snack-16092022.Snack3", "Snack-16092022.Snack3\Snack-16092022.Snack3.csproj", "{92DFEAB1-B9F9-4742-80AF-C8EFEF99A7B0}"
EndProject
Project("{FAE04EC0-301F-11D3-BF4B-00C04F79EFBC}") = "Snack-16092022.Snack4", "Snack-16092022.Snack4\Snack-16092022.Snack4.csproj", "{C6171EAE-C4F1-4FF3-B0B5-AF5810B8E96D}"
EndProject
Project("{FAE04EC0-301F-11D3-BF4B-00C04F79EFBC}") = "Snack-16092022.Snack5", "Snack-16092022.Snack5\Snack-16092022.Snack5.csproj", "{A12C8E22-A079-45AB-A5E9-76C761DA09B4}"
EndProject
Project("{FAE04EC0-301F-11D3-BF4B-00C04F79EFBC}") = "Snack-16092022.Snack6", "Snack-16092022.Snack6\Snack-16092022.Snack6.csproj", "{44E499F1-56CD-4B0C-803B-B80674FFA611}"
EndProject
Project("{FAE04EC0-301F-11D3-BF4B-00C04F79EFBC}") = "Snack-16092022.Snack7", "Snack-16092022.Snack7\Snack-16092022.Snack7.csproj", "{594BBC9A-95F6-4B56-87BC-1F4D0F30C4AC}"
EndProject
Project("{FAE04EC0-301F-11D3-BF4B-00C04F79EFBC}") = "Snack-16092022.Snack8", "Snack-16092022.Snack8\Snack-16092022.Snack8.csproj", "{4454ECF3-EC13-4258-816C-B2E15C70256E}"
EndProject
Project("{FAE04EC0-301F-11D3-BF4B-00C04F79EFBC}") = "Snack-16092022.Snack9", "Snack-16092022.Snack9\Snack-16092022.Snack9.csproj", "{36676C9F-5424-4223-B986-529B482CB542}"
EndProject
Project("{FAE04EC0-301F-11D3-BF4B-00C04F79EFBC}") = "Snack-16092022.Snack10", "Snack-16092022.Snack10\Snack-16092022.Snack10.csproj", "{C89C7FF9-4CE2-4866-AB22-BDB920ED9903}"
EndProject
Global
	GlobalSection(SolutionConfigurationPlatforms) = preSolution
		Debug|Any CPU = Debug|Any CPU
		Release|Any CPU = Release|Any CPU
	EndGlobalSection
	GlobalSection(ProjectConfigurationPlatforms) = postSolution
		{52E22B1F-E8CF-430F-BD09-982D079E1827}.Debug|Any CPU.ActiveCfg = Debug|Any CPU
		{52E22B1F-E8CF-430F-BD09-982D079E1827}.Debug|Any CPU.Build.0 = Debug|Any CPU
		{52E22B1F-E8CF-430F-BD09-982D079E1827}.Release|Any CPU.ActiveCfg = Release|Any CPU
		{52E22B1F-E8CF-430F-BD09-982D079E1827}.Release|Any CPU.Build.0 = Release|Any CPU
		{AC057FF2-2A46-4CDC-93CA-7273CF880CD7}.Debug|Any CPU.ActiveCfg = Debug|Any CPU
		{AC057FF2-2A46-4CDC-93CA-7273CF880CD7}.Debug|Any CPU.Build.0 = Debug|Any CPU
		{AC057FF2-2A46-4CDC-93CA-7273CF880CD7}.Release|Any CPU.ActiveCfg = Release|Any CPU
		{AC057FF2-2A46-4CDC-93CA-7273CF880CD7}.Release|Any CPU.Build.0 = Release|Any CPU
		{92DFEAB1-B9F9-4742-80AF-C8EFEF99A7B0}.Debug|Any CPU.ActiveCfg = Debug|Any CPU
		{92DFEAB1-B9F9-4742-80AF-C8EFEF99A7B0}.Debug|Any CPU.Build.0 = Debug|Any CPU
		{92DFEAB1-B9F9-4742-80AF-C8EFEF99A7B0}.Release|Any CPU.ActiveCfg = Release|Any CPU
		{92DFEAB1-B9F9-4742-80AF-C8EFEF99A7B0}.Release|Any CPU.Build.0 = Release|Any CPU
		{C6171EAE-C4F1-4FF3-B0B5-AF5810B8E96D}.Debug|Any CPU.ActiveCfg = Debug|Any CPU
		{C6171EAE-C4F1-4FF3-B0B5-AF5810B8E96D}.Debug|Any CPU.Build.0 = Debug|Any CPU
		{C6171EAE-C4F1-4FF3-B0B5-AF5810B8E96D}.Release|Any CPU.ActiveCfg = Release|Any CPU
		{C6171EAE-C4F1-4FF3-B0B5-AF5810B8E96D}.Release|Any CPU.Build.0 = Release|Any CPU
		{A12C8E22-A079-45AB-A5E9-76C761DA09B4}.Debug|Any CPU.ActiveCfg = Debug|Any CPU
		{A12C8E22-A079-45AB-A5E9-76C761DA09B4}.Debug|Any CPU.Build.0 = Debug|Any CPU
		{A12C8E22-A079-45AB-A5E9-76C761DA09B4}.Release|Any CPU.ActiveCfg = Release|Any CPU
		{A12C8E22-A079-45AB-A5E9-76C761DA09B4}.Release|Any CPU.Build.0 = Release|Any CPU
		{44E499F1-56CD-4B0C-803B-B80674FFA611}.Debug|Any CPU.ActiveCfg = Debug|Any CPU
		{44E499F1-56CD-4B0C-803B-B80674FFA611}.Debug|Any CPU.Build.0 = Debug|Any CPU
		{44E499F1-56CD-4B0C-803B-B80674FFA611}.Release|Any CPU.ActiveCfg = Release|Any CPU
		{44E499F1-56CD-4B0C-803B-B80674FFA611}.Release|Any CPU.Build.0 = Release|Any CPU
		{594BBC9A-95F6-4B56-87BC-1F4D0F30C4AC}.Debug|Any CPU.ActiveCfg = Debug|Any CPU
		{594BBC9A-95F6-4B56-87BC-1F4D0F30C4AC}.Debug|Any CPU.Build.0 = Debug|Any CPU
		{594BBC9A-95F6-4B56-87BC-1F4D0F30C4AC}.Release|Any CPU.ActiveCfg = Release|Any CPU
		{594BBC9A-95F6-4B56-87BC-1F4D0F30C4AC}.Release|Any CPU.Build.0 = Release|Any CPU
		{4454ECF3-EC13-4258-816C-B2E15C70256E}.Debug|Any CPU.ActiveCfg = Debug|Any CPU
		{4454ECF3-EC13-4258-816C-B2E15C70256E}.Debug|Any CPU.Build.0 = Debug|Any CPU
		{4454ECF3-EC13-4258-816C-B2E15C70256E}.Release|Any CPU.ActiveCfg = Release|Any CPU
		{4454ECF3-EC13-4258-816C-B2E15C70256E}.Release|Any CPU.Build.0 = Release|Any CPU
		{36676C9F-5424-4223-B986-529B482CB542}.Debug|Any CPU.ActiveCfg = Debug|Any CPU
		{36676C9F-5424-4223-B986-529B482CB542}.Debug|Any CPU.Build.0 = Debug|Any CPU
		{36676C9F-5424-4223-B986-529B482CB542}.Release|Any CPU.ActiveCfg = Release|Any CPU
		{36676C9F-5424-4223-B986-529B482CB542}.Release|Any CPU.Build.0 = Release|Any CPU
		{C89C7FF9-4CE2-4866-AB22-BDB920ED9903}.Debug|Any CPU.ActiveCfg = Debug|Any CPU
		{C89C7FF9-4CE2-4866-AB22-BDB920ED9903}.Debug|Any CPU.Build.0 = Debug|Any CPU
		{C89C7FF9-4CE2-4866-AB22-BDB920ED9903}.Release|Any CPU.ActiveCfg = Release|Any CPU
		{C89C7FF9-4CE2-4866-AB22-BDB920ED9903}.Release|Any CPU.Build.0 = Release|Any CPU
	EndGlobalSection
EndGlobal
